// !$*UTF8*$!
{
	archiveVersion = 1;
	classes = {
	};
	objectVersion = 46;
	objects = {

/* Begin PBXBuildFile section */
		5B1C03611C04502100B979F3 /* tc.common.h in Headers */ = {isa = PBXBuildFile; fileRef = 5B1C03601C04502100B979F3 /* tc.common.h */; settings = {ATTRIBUTES = (Public, ); }; };
		5B1C037E1C04509200B979F3 /* container_of.cpp in Sources */ = {isa = PBXBuildFile; fileRef = 5B1C03771C04509200B979F3 /* container_of.cpp */; };
		5B1C037F1C04509200B979F3 /* container_of.hpp in Headers */ = {isa = PBXBuildFile; fileRef = 5B1C03781C04509200B979F3 /* container_of.hpp */; };
		5B1C03801C04509200B979F3 /* stdafx.cpp in Sources */ = {isa = PBXBuildFile; fileRef = 5B1C03791C04509200B979F3 /* stdafx.cpp */; };
		5B1C03811C04509200B979F3 /* stdafx.h in Headers */ = {isa = PBXBuildFile; fileRef = 5B1C037A1C04509200B979F3 /* stdafx.h */; };
		5B1C03821C04509200B979F3 /* targetver.h in Headers */ = {isa = PBXBuildFile; fileRef = 5B1C037B1C04509200B979F3 /* targetver.h */; };
		5B1C03831C04509200B979F3 /* tc.cpp in Sources */ = {isa = PBXBuildFile; fileRef = 5B1C037C1C04509200B979F3 /* tc.cpp */; };
		5B1C03841C04509200B979F3 /* tc.hpp in Headers */ = {isa = PBXBuildFile; fileRef = 5B1C037D1C04509200B979F3 /* tc.hpp */; };
/* End PBXBuildFile section */

/* Begin PBXFileReference section */
		5B1C035D1C04502000B979F3 /* common.framework */ = {isa = PBXFileReference; explicitFileType = wrapper.framework; includeInIndex = 0; path = common.framework; sourceTree = BUILT_PRODUCTS_DIR; };
		5B1C03601C04502100B979F3 /* tc.common.h */ = {isa = PBXFileReference; lastKnownFileType = sourcecode.c.h; path = tc.common.h; sourceTree = "<group>"; };
		5B1C03621C04502100B979F3 /* Info.plist */ = {isa = PBXFileReference; lastKnownFileType = text.plist.xml; path = Info.plist; sourceTree = "<group>"; };
		5B1C03771C04509200B979F3 /* container_of.cpp */ = {isa = PBXFileReference; fileEncoding = 4; lastKnownFileType = sourcecode.cpp.cpp; name = container_of.cpp; path = ../../srcs/tc.common/container_of.cpp; sourceTree = "<group>"; };
		5B1C03781C04509200B979F3 /* container_of.hpp */ = {isa = PBXFileReference; fileEncoding = 4; lastKnownFileType = sourcecode.cpp.h; name = container_of.hpp; path = ../../srcs/tc.common/container_of.hpp; sourceTree = "<group>"; };
		5B1C03791C04509200B979F3 /* stdafx.cpp */ = {isa = PBXFileReference; fileEncoding = 4; lastKnownFileType = sourcecode.cpp.cpp; name = stdafx.cpp; path = ../../srcs/tc.common/stdafx.cpp; sourceTree = "<group>"; };
		5B1C037A1C04509200B979F3 /* stdafx.h */ = {isa = PBXFileReference; fileEncoding = 4; lastKnownFileType = sourcecode.c.h; name = stdafx.h; path = ../../srcs/tc.common/stdafx.h; sourceTree = "<group>"; };
		5B1C037B1C04509200B979F3 /* targetver.h */ = {isa = PBXFileReference; fileEncoding = 4; lastKnownFileType = sourcecode.c.h; name = targetver.h; path = ../../srcs/tc.common/targetver.h; sourceTree = "<group>"; };
		5B1C037C1C04509200B979F3 /* tc.cpp */ = {isa = PBXFileReference; fileEncoding = 4; lastKnownFileType = sourcecode.cpp.cpp; name = tc.cpp; path = ../../srcs/tc.common/tc.cpp; sourceTree = "<group>"; };
		5B1C037D1C04509200B979F3 /* tc.hpp */ = {isa = PBXFileReference; fileEncoding = 4; lastKnownFileType = sourcecode.cpp.h; name = tc.hpp; path = ../../srcs/tc.common/tc.hpp; sourceTree = "<group>"; };
/* End PBXFileReference section */

/* Begin PBXFrameworksBuildPhase section */
		5B1C03591C04502000B979F3 /* Frameworks */ = {
			isa = PBXFrameworksBuildPhase;
			buildActionMask = 2147483647;
			files = (
			);
			runOnlyForDeploymentPostprocessing = 0;
		};
/* End PBXFrameworksBuildPhase section */

/* Begin PBXGroup section */
		5B1C03531C04502000B979F3 = {
			isa = PBXGroup;
			children = (
				5B1C03681C04503D00B979F3 /* cpp */,
				5B1C035F1C04502100B979F3 /* tc.common */,
				5B1C035E1C04502000B979F3 /* Products */,
			);
			sourceTree = "<group>";
		};
		5B1C035E1C04502000B979F3 /* Products */ = {
			isa = PBXGroup;
			children = (
				5B1C035D1C04502000B979F3 /* common.framework */,
			);
			name = Products;
			sourceTree = "<group>";
		};
		5B1C035F1C04502100B979F3 /* tc.common */ = {
			isa = PBXGroup;
			children = (
				5B1C03601C04502100B979F3 /* tc.common.h */,
				5B1C03621C04502100B979F3 /* Info.plist */,
			);
			path = tc.common;
			sourceTree = "<group>";
		};
		5B1C03681C04503D00B979F3 /* cpp */ = {
			isa = PBXGroup;
			children = (
				5B1C03771C04509200B979F3 /* container_of.cpp */,
				5B1C03781C04509200B979F3 /* container_of.hpp */,
				5B1C03791C04509200B979F3 /* stdafx.cpp */,
				5B1C037A1C04509200B979F3 /* stdafx.h */,
				5B1C037B1C04509200B979F3 /* targetver.h */,
				5B1C037C1C04509200B979F3 /* tc.cpp */,
				5B1C037D1C04509200B979F3 /* tc.hpp */,
			);
			name = cpp;
			sourceTree = "<group>";
		};
/* End PBXGroup section */

/* Begin PBXHeadersBuildPhase section */
		5B1C035A1C04502000B979F3 /* Headers */ = {
			isa = PBXHeadersBuildPhase;
			buildActionMask = 2147483647;
			files = (
				5B1C03841C04509200B979F3 /* tc.hpp in Headers */,
				5B1C03811C04509200B979F3 /* stdafx.h in Headers */,
				5B1C03821C04509200B979F3 /* targetver.h in Headers */,
				5B1C03611C04502100B979F3 /* tc.common.h in Headers */,
				5B1C037F1C04509200B979F3 /* container_of.hpp in Headers */,
			);
			runOnlyForDeploymentPostprocessing = 0;
		};
/* End PBXHeadersBuildPhase section */

/* Begin PBXNativeTarget section */
		5B1C035C1C04502000B979F3 /* common */ = {
			isa = PBXNativeTarget;
			buildConfigurationList = 5B1C03651C04502100B979F3 /* Build configuration list for PBXNativeTarget "common" */;
			buildPhases = (
				5B1C03581C04502000B979F3 /* Sources */,
				5B1C03591C04502000B979F3 /* Frameworks */,
				5B1C035A1C04502000B979F3 /* Headers */,
				5B1C035B1C04502000B979F3 /* Resources */,
			);
			buildRules = (
			);
			dependencies = (
			);
			name = common;
			productName = tc.common;
			productReference = 5B1C035D1C04502000B979F3 /* common.framework */;
			productType = "com.apple.product-type.framework";
		};
/* End PBXNativeTarget section */

/* Begin PBXProject section */
		5B1C03541C04502000B979F3 /* Project object */ = {
			isa = PBXProject;
			attributes = {
				LastUpgradeCheck = 0710;
				ORGANIZATIONNAME = tk;
				TargetAttributes = {
					5B1C035C1C04502000B979F3 = {
						CreatedOnToolsVersion = 7.1.1;
					};
				};
			};
			buildConfigurationList = 5B1C03571C04502000B979F3 /* Build configuration list for PBXProject "common" */;
			compatibilityVersion = "Xcode 3.2";
			developmentRegion = English;
			hasScannedForEncodings = 0;
			knownRegions = (
				en,
			);
			mainGroup = 5B1C03531C04502000B979F3;
			productRefGroup = 5B1C035E1C04502000B979F3 /* Products */;
			projectDirPath = "";
			projectRoot = "";
			targets = (
				5B1C035C1C04502000B979F3 /* common */,
			);
		};
/* End PBXProject section */

/* Begin PBXResourcesBuildPhase section */
		5B1C035B1C04502000B979F3 /* Resources */ = {
			isa = PBXResourcesBuildPhase;
			buildActionMask = 2147483647;
			files = (
			);
			runOnlyForDeploymentPostprocessing = 0;
		};
/* End PBXResourcesBuildPhase section */

/* Begin PBXSourcesBuildPhase section */
		5B1C03581C04502000B979F3 /* Sources */ = {
			isa = PBXSourcesBuildPhase;
			buildActionMask = 2147483647;
			files = (
				5B1C03831C04509200B979F3 /* tc.cpp in Sources */,
				5B1C037E1C04509200B979F3 /* container_of.cpp in Sources */,
				5B1C03801C04509200B979F3 /* stdafx.cpp in Sources */,
			);
			runOnlyForDeploymentPostprocessing = 0;
		};
/* End PBXSourcesBuildPhase section */

/* Begin XCBuildConfiguration section */
		5B1C03631C04502100B979F3 /* Debug */ = {
			isa = XCBuildConfiguration;
			buildSettings = {
				ALWAYS_SEARCH_USER_PATHS = NO;
				CLANG_CXX_LANGUAGE_STANDARD = "gnu++0x";
				CLANG_CXX_LIBRARY = "libc++";
				CLANG_ENABLE_MODULES = YES;
				CLANG_ENABLE_OBJC_ARC = YES;
				CLANG_WARN_BOOL_CONVERSION = YES;
				CLANG_WARN_CONSTANT_CONVERSION = YES;
				CLANG_WARN_DIRECT_OBJC_ISA_USAGE = YES_ERROR;
				CLANG_WARN_EMPTY_BODY = YES;
				CLANG_WARN_ENUM_CONVERSION = YES;
				CLANG_WARN_INT_CONVERSION = YES;
				CLANG_WARN_OBJC_ROOT_CLASS = YES_ERROR;
				CLANG_WARN_UNREACHABLE_CODE = YES;
				CLANG_WARN__DUPLICATE_METHOD_MATCH = YES;
				"CODE_SIGN_IDENTITY[sdk=iphoneos*]" = "iPhone Developer";
				COPY_PHASE_STRIP = NO;
				CURRENT_PROJECT_VERSION = 1;
				DEBUG_INFORMATION_FORMAT = dwarf;
				ENABLE_STRICT_OBJC_MSGSEND = YES;
				ENABLE_TESTABILITY = YES;
				GCC_C_LANGUAGE_STANDARD = gnu99;
				GCC_DYNAMIC_NO_PIC = NO;
				GCC_NO_COMMON_BLOCKS = YES;
				GCC_OPTIMIZATION_LEVEL = 0;
				GCC_PREPROCESSOR_DEFINITIONS = (
					"DEBUG=1",
					"$(inherited)",
				);
				GCC_WARN_64_TO_32_BIT_CONVERSION = YES;
				GCC_WARN_ABOUT_RETURN_TYPE = YES_ERROR;
				GCC_WARN_UNDECLARED_SELECTOR = YES;
				GCC_WARN_UNINITIALIZED_AUTOS = YES_AGGRESSIVE;
				GCC_WARN_UNUSED_FUNCTION = YES;
				GCC_WARN_UNUSED_VARIABLE = YES;
				IPHONEOS_DEPLOYMENT_TARGET = 9.1;
				MTL_ENABLE_DEBUG_INFO = YES;
				ONLY_ACTIVE_ARCH = YES;
				SDKROOT = iphoneos;
				SWIFT_OPTIMIZATION_LEVEL = "-Onone";
				TARGETED_DEVICE_FAMILY = "1,2";
				VERSIONING_SYSTEM = "apple-generic";
				VERSION_INFO_PREFIX = "";
			};
			name = Debug;
		};
		5B1C03641C04502100B979F3 /* Release */ = {
			isa = XCBuildConfiguration;
			buildSettings = {
				ALWAYS_SEARCH_USER_PATHS = NO;
				CLANG_CXX_LANGUAGE_STANDARD = "gnu++0x";
				CLANG_CXX_LIBRARY = "libc++";
				CLANG_ENABLE_MODULES = YES;
				CLANG_ENABLE_OBJC_ARC = YES;
				CLANG_WARN_BOOL_CONVERSION = YES;
				CLANG_WARN_CONSTANT_CONVERSION = YES;
				CLANG_WARN_DIRECT_OBJC_ISA_USAGE = YES_ERROR;
				CLANG_WARN_EMPTY_BODY = YES;
				CLANG_WARN_ENUM_CONVERSION = YES;
				CLANG_WARN_INT_CONVERSION = YES;
				CLANG_WARN_OBJC_ROOT_CLASS = YES_ERROR;
				CLANG_WARN_UNREACHABLE_CODE = YES;
				CLANG_WARN__DUPLICATE_METHOD_MATCH = YES;
				"CODE_SIGN_IDENTITY[sdk=iphoneos*]" = "iPhone Developer";
				COPY_PHASE_STRIP = NO;
				CURRENT_PROJECT_VERSION = 1;
				DEBUG_INFORMATION_FORMAT = "dwarf-with-dsym";
				ENABLE_NS_ASSERTIONS = NO;
				ENABLE_STRICT_OBJC_MSGSEND = YES;
				GCC_C_LANGUAGE_STANDARD = gnu99;
				GCC_NO_COMMON_BLOCKS = YES;
				GCC_WARN_64_TO_32_BIT_CONVERSION = YES;
				GCC_WARN_ABOUT_RETURN_TYPE = YES_ERROR;
				GCC_WARN_UNDECLARED_SELECTOR = YES;
				GCC_WARN_UNINITIALIZED_AUTOS = YES_AGGRESSIVE;
				GCC_WARN_UNUSED_FUNCTION = YES;
				GCC_WARN_UNUSED_VARIABLE = YES;
				IPHONEOS_DEPLOYMENT_TARGET = 9.1;
				MTL_ENABLE_DEBUG_INFO = NO;
				SDKROOT = iphoneos;
				TARGETED_DEVICE_FAMILY = "1,2";
				VALIDATE_PRODUCT = YES;
				VERSIONING_SYSTEM = "apple-generic";
				VERSION_INFO_PREFIX = "";
			};
			name = Release;
		};
		5B1C03661C04502100B979F3 /* Debug */ = {
			isa = XCBuildConfiguration;
			buildSettings = {
				DEFINES_MODULE = YES;
				DYLIB_COMPATIBILITY_VERSION = 1;
				DYLIB_CURRENT_VERSION = 1;
				DYLIB_INSTALL_NAME_BASE = "@rpath";
				INFOPLIST_FILE = tc.common/Info.plist;
				INSTALL_PATH = "$(LOCAL_LIBRARY_DIR)/Frameworks";
				LD_RUNPATH_SEARCH_PATHS = "$(inherited) @executable_path/Frameworks @loader_path/Frameworks";
				PRODUCT_BUNDLE_IDENTIFIER = "com.tk.tc-common";
				PRODUCT_NAME = common;
				SKIP_INSTALL = YES;
			};
			name = Debug;
		};
		5B1C03671C04502100B979F3 /* Release */ = {
			isa = XCBuildConfiguration;
			buildSettings = {
				DEFINES_MODULE = YES;
				DYLIB_COMPATIBILITY_VERSION = 1;
				DYLIB_CURRENT_VERSION = 1;
				DYLIB_INSTALL_NAME_BASE = "@rpath";
				INFOPLIST_FILE = tc.common/Info.plist;
				INSTALL_PATH = "$(LOCAL_LIBRARY_DIR)/Frameworks";
				LD_RUNPATH_SEARCH_PATHS = "$(inherited) @executable_path/Frameworks @loader_path/Frameworks";
				PRODUCT_BUNDLE_IDENTIFIER = "com.tk.tc-common";
				PRODUCT_NAME = common;
				SKIP_INSTALL = YES;
			};
			name = Release;
		};
/* End XCBuildConfiguration section */

/* Begin XCConfigurationList section */
		5B1C03571C04502000B979F3 /* Build configuration list for PBXProject "common" */ = {
			isa = XCConfigurationList;
			buildConfigurations = (
				5B1C03631C04502100B979F3 /* Debug */,
				5B1C03641C04502100B979F3 /* Release */,
			);
			defaultConfigurationIsVisible = 0;
			defaultConfigurationName = Release;
		};
		5B1C03651C04502100B979F3 /* Build configuration list for PBXNativeTarget "common" */ = {
			isa = XCConfigurationList;
			buildConfigurations = (
				5B1C03661C04502100B979F3 /* Debug */,
				5B1C03671C04502100B979F3 /* Release */,
			);
			defaultConfigurationIsVisible = 0;
		};
/* End XCConfigurationList section */
	};
	rootObject = 5B1C03541C04502000B979F3 /* Project object */;
}
