<?xml version="1.0" encoding="utf-8"?>
<Project ToolsVersion="4.0" xmlns="http://schemas.microsoft.com/developer/msbuild/2003">
  <ItemGroup>
    <Filter Include="tc">
      <UniqueIdentifier>{93995380-89BD-4b04-88EB-625FBE52EBFB}</UniqueIdentifier>
      <Extensions>h;hh;hpp;hxx;hm;inl;inc;xsd</Extensions>
    </Filter>
  </ItemGroup>
  <ItemGroup>
    <ClInclude Include="..\srcs\tc.common\container_of.hpp">
      <Filter>tc</Filter>
    </ClInclude>
    <ClInclude Include="..\srcs\tc.common\stdafx.h">
      <Filter>tc</Filter>
    </ClInclude>
    <ClInclude Include="..\srcs\tc.common\targetver.h">
      <Filter>tc</Filter>
    </ClInclude>
    <ClInclude Include="..\srcs\tc.common\tc.hpp">
      <Filter>tc</Filter>
    </ClInclude>
    <ClInclude Include="..\srcs\tc.common\spinlock.hpp">
      <Filter>tc</Filter>
    </ClInclude>
    <ClInclude Include="..\srcs\tc.common\simple_block.hpp">
      <Filter>tc</Filter>
    </ClInclude>
    <ClInclude Include="..\srcs\tc.common\rc_block.hpp">
      <Filter>tc</Filter>
    </ClInclude>
    <ClInclude Include="..\srcs\tc.common\simple_block.hpp">
      <Filter>tc</Filter>
    </ClInclude>
    <ClInclude Include="..\srcs\tc.common\byte_buffer.hpp">
      <Filter>tc</Filter>
    </ClInclude>
    <ClInclude Include="..\srcs\tc.common\external_block.hpp">
      <Filter>tc</Filter>
    </ClInclude>
    <ClInclude Include="..\srcs\tc.common\function.hpp">
      <Filter>tc</Filter>
    </ClInclude>
    <ClInclude Include="..\srcs\tc.common\operation.hpp">
      <Filter>tc</Filter>
    </ClInclude>
    <ClInclude Include="..\srcs\tc.common\timestamp.hpp">
      <Filter>tc</Filter>
    </ClInclude>
    <ClInclude Include="..\srcs\tc.common\bit.hpp">
      <Filter>tc</Filter>
    </ClInclude>
    <ClInclude Include="..\srcs\tc.common\datetime.hpp">
      <Filter>tc</Filter>
    </ClInclude>
    <ClInclude Include="..\srcs\tc.common\timespan.hpp">
      <Filter>tc</Filter>
    </ClInclude>
    <ClInclude Include="..\srcs\tc.common\threading.hpp">
      <Filter>tc</Filter>
    </ClInclude>
    <ClInclude Include="..\srcs\tinyxml2\tinyxml2.h">
      <Filter>tc</Filter>
    </ClInclude>
  </ItemGroup>
  <ItemGroup>
    <ClCompile Include="..\srcs\tc.common\stdafx.cpp">
      <Filter>tc</Filter>
    </ClCompile>
    <ClCompile Include="..\srcs\tc.common\container_of.cpp">
      <Filter>tc</Filter>
    </ClCompile>
    <ClCompile Include="..\srcs\tc.common\tc.cpp">
      <Filter>tc</Filter>
    </ClCompile>
    <ClCompile Include="..\srcs\tc.common\spinlock.cpp">
      <Filter>tc</Filter>
    </ClCompile>
    <ClCompile Include="..\srcs\tc.common\simple_block.cpp">
      <Filter>tc</Filter>
    </ClCompile>
    <ClCompile Include="..\srcs\tc.common\rc_block.cpp">
      <Filter>tc</Filter>
    </ClCompile>
    <ClCompile Include="..\srcs\tc.common\simple_block.cpp">
      <Filter>tc</Filter>
    </ClCompile>
    <ClCompile Include="..\srcs\tc.common\byte_buffer.cpp">
      <Filter>tc</Filter>
    </ClCompile>
    <ClCompile Include="..\srcs\tc.common\external_block.cpp">
      <Filter>tc</Filter>
    </ClCompile>
    <ClCompile Include="..\srcs\tc.common\operation.cpp">
      <Filter>tc</Filter>
    </ClCompile>
    <ClCompile Include="..\srcs\tc.common\datetime.cpp">
      <Filter>tc</Filter>
    </ClCompile>
    <ClCompile Include="..\srcs\tc.common\timespan.cpp">
      <Filter>tc</Filter>
    </ClCompile>
    <ClCompile Include="..\srcs\tc.common\timestamp.cpp">
      <Filter>tc</Filter>
    </ClCompile>
    <ClCompile Include="..\srcs\tc.common\threading.cpp">
      <Filter>tc</Filter>
    </ClCompile>
    <ClCompile Include="..\srcs\tinyxml2\tinyxml2.cpp">
      <Filter>tc</Filter>
    </ClCompile>
  </ItemGroup>
</Project>